
Microsoft Visual Studio Solution File, Format Version 12.00
# Visual Studio Version 17
VisualStudioVersion = 17.5.33103.201
MinimumVisualStudioVersion = 10.0.40219.1
Project("{9A19103F-16F7-4668-BE54-9A1E7A4F7556}") = "webapi", "webapi\webapi.csproj", "{8E80179E-D0BE-41CC-8766-B299D9B8E363}"
EndProject
Global
	GlobalSection(SolutionConfigurationPlatforms) = preSolution
		Debug|Any CPU = Debug|Any CPU
		Release|Any CPU = Release|Any CPU
	EndGlobalSection
	GlobalSection(ProjectConfigurationPlatforms) = postSolution
		{8E80179E-D0BE-41CC-8766-B299D9B8E363}.Debug|Any CPU.ActiveCfg = Debug|Any CPU
		{8E80179E-D0BE-41CC-8766-B299D9B8E363}.Debug|Any CPU.Build.0 = Debug|Any CPU
		{8E80179E-D0BE-41CC-8766-B299D9B8E363}.Release|Any CPU.ActiveCfg = Release|Any CPU
		{8E80179E-D0BE-41CC-8766-B299D9B8E363}.Release|Any CPU.Build.0 = Release|Any CPU
	EndGlobalSection
	GlobalSection(SolutionProperties) = preSolution
		HideSolutionNode = FALSE
	EndGlobalSection
	GlobalSection(ExtensibilityGlobals) = postSolution
		SolutionGuid = {FD144088-E19E-48AA-93A5-CE48AA918EAF}
	EndGlobalSection
EndGlobal
